{
  "name": "pinescript-strategies",
  "version": "1.0.0",
  "lockfileVersion": 3,
  "requires": true,
  "packages": {
    "": {
      "name": "pinescript-strategies",
      "version": "1.0.0",
      "license": "MIT",
      "devDependencies": {
        "pinets": "0.9.32"
      }
    },
    "node_modules/acorn": {
      "version": "8.18.0",
      "resolved": "https://registry.npmjs.org/acorn/-/acorn-8.18.0.tgz",
      "integrity": "sha512-lGq+9yr1/GuAWaVYIHRjvvySG5/4VfKIvC8EWxStPdcDh/Ka7FG3twP6v4d5BkravUilhIAsG4Qj83t02LWUPQ==",
      "dev": true,
      "license": "MIT",
      "bin": {
        "acorn": "bin/acorn"
      },
      "engines": {
        "node": ">=0.4.0"
      }
    },
    "node_modules/acorn-walk": {
      "version": "8.3.5",
      "resolved": "https://registry.npmjs.org/acorn-walk/-/acorn-walk-8.3.5.tgz",
      "integrity": "sha512-HEHNfbars9v4pgpW6SO1KSPkfoS0xVOM/9UzkJltjlsHZmJasxg8aXkuZa7SMf8vKGIBhpUsPluQSqhJFCqebw==",
      "dev": true,
      "license": "MIT",
      "dependencies": {
        "acorn": "^8.11.0"
      },
      "engines": {
        "node": ">=0.4.0"
      }
    },
    "node_modules/astring": {
      "version": "1.9.0",
      "resolved": "https://registry.npmjs.org/astring/-/astring-1.9.0.tgz",
      "integrity": "sha512-LElXdjswlqjWrPpJFg1Fx4wpkOCxj1TDHlSV4PlaRxHGWko024xICaa97ZkMfs6DRKlCguiAI+rbXv5GWwXIkg==",
      "dev": true,
      "license": "MIT",
      "bin": {
        "astring": "bin/astring"
      }
    },
    "node_modules/pinets": {
      "version": "0.9.32",
      "resolved": "https://registry.npmjs.org/pinets/-/pinets-0.9.32.tgz",
      "integrity": "sha512-2tazhLO201ZZkz31QzKB73TOa8kmTAnFparen+N+b7xkZEMOWJTr2RUGK2PngrUfR4JLxbFVxwmjCgbmxB6XQQ==",
      "dev": true,
      "license": "AGPL-3.0-only",
      "dependencies": {
        "acorn": "^8.14.0",
        "acorn-walk": "^8.3.4",
        "astring": "^1.9.0"
      }
    }
  }
}
